// !$*UTF8*$!
{
	archiveVersion = 1;
	classes = {
	};
	objectVersion = 50;
	objects = {

/* Begin PBXBuildFile section */
		863E25C125CBC29800BAB9AD /* AppDelegate.swift in Sources */ = {isa = PBXBuildFile; fileRef = 863E25C025CBC29800BAB9AD /* AppDelegate.swift */; };
		863E25C325CBC29800BAB9AD /* SceneDelegate.swift in Sources */ = {isa = PBXBuildFile; fileRef = 863E25C225CBC29800BAB9AD /* SceneDelegate.swift */; };
		863E25C525CBC29800BAB9AD /* ViewController.swift in Sources */ = {isa = PBXBuildFile; fileRef = 863E25C425CBC29800BAB9AD /* ViewController.swift */; };
		863E25C825CBC29800BAB9AD /* Main.storyboard in Resources */ = {isa = PBXBuildFile; fileRef = 863E25C625CBC29800BAB9AD /* Main.storyboard */; };
		863E25CA25CBC29800BAB9AD /* Assets.xcassets in Resources */ = {isa = PBXBuildFile; fileRef = 863E25C925CBC29800BAB9AD /* Assets.xcassets */; };
		863E25CD25CBC29800BAB9AD /* LaunchScreen.storyboard in Resources */ = {isa = PBXBuildFile; fileRef = 863E25CB25CBC29800BAB9AD /* LaunchScreen.storyboard */; };
		863E25D825CBC9A500BAB9AD /* GameScen.swift in Sources */ = {isa = PBXBuildFile; fileRef = 863E25D725CBC9A500BAB9AD /* GameScen.swift */; };
		863E25DB25CE2F4600BAB9AD /* 13.mp3 in Resources */ = {isa = PBXBuildFile; fileRef = 863E25DA25CE2F4600BAB9AD /* 13.mp3 */; };
		863E25DF25CE3E7300BAB9AD /* Lethe.mp3 in Resources */ = {isa = PBXBuildFile; fileRef = 863E25DE25CE3E7300BAB9AD /* Lethe.mp3 */; };
		863E25E225CE452F00BAB9AD /* キャンセル2.mp3 in Resources */ = {isa = PBXBuildFile; fileRef = 863E25E125CE452F00BAB9AD /* キャンセル2.mp3 */; };
/* End PBXBuildFile section */

/* Begin PBXFileReference section */
		863E25BD25CBC29800BAB9AD /* FlappyBiud.app */ = {isa = PBXFileReference; explicitFileType = wrapper.application; includeInIndex = 0; path = FlappyBiud.app; sourceTree = BUILT_PRODUCTS_DIR; };
		863E25C025CBC29800BAB9AD /* AppDelegate.swift */ = {isa = PBXFileReference; lastKnownFileType = sourcecode.swift; path = AppDelegate.swift; sourceTree = "<group>"; };
		863E25C225CBC29800BAB9AD /* SceneDelegate.swift */ = {isa = PBXFileReference; lastKnownFileType = sourcecode.swift; path = SceneDelegate.swift; sourceTree = "<group>"; };
		863E25C425CBC29800BAB9AD /* ViewController.swift */ = {isa = PBXFileReference; lastKnownFileType = sourcecode.swift; path = ViewController.swift; sourceTree = "<group>"; };
		863E25C725CBC29800BAB9AD /* Base */ = {isa = PBXFileReference; lastKnownFileType = file.storyboard; name = Base; path = Base.lproj/Main.storyboard; sourceTree = "<group>"; };
		863E25C925CBC29800BAB9AD /* Assets.xcassets */ = {isa = PBXFileReference; lastKnownFileType = folder.assetcatalog; path = Assets.xcassets; sourceTree = "<group>"; };
		863E25CC25CBC29800BAB9AD /* Base */ = {isa = PBXFileReference; lastKnownFileType = file.storyboard; name = Base; path = Base.lproj/LaunchScreen.storyboard; sourceTree = "<group>"; };
		863E25CE25CBC29800BAB9AD /* Info.plist */ = {isa = PBXFileReference; lastKnownFileType = text.plist.xml; path = Info.plist; sourceTree = "<group>"; };
		863E25D725CBC9A500BAB9AD /* GameScen.swift */ = {isa = PBXFileReference; lastKnownFileType = sourcecode.swift; path = GameScen.swift; sourceTree = "<group>"; };
		863E25DA25CE2F4600BAB9AD /* 13.mp3 */ = {isa = PBXFileReference; lastKnownFileType = audio.mp3; path = 13.mp3; sourceTree = "<group>"; };
		863E25DE25CE3E7300BAB9AD /* Lethe.mp3 */ = {isa = PBXFileReference; lastKnownFileType = audio.mp3; path = Lethe.mp3; sourceTree = "<group>"; };
		863E25E125CE452F00BAB9AD /* キャンセル2.mp3 */ = {isa = PBXFileReference; lastKnownFileType = audio.mp3; path = "キャンセル2.mp3"; sourceTree = "<group>"; };
/* End PBXFileReference section */

/* Begin PBXFrameworksBuildPhase section */
		863E25BA25CBC29800BAB9AD /* Frameworks */ = {
			isa = PBXFrameworksBuildPhase;
			buildActionMask = 2147483647;
			files = (
			);
			runOnlyForDeploymentPostprocessing = 0;
		};
/* End PBXFrameworksBuildPhase section */

/* Begin PBXGroup section */
		863E25B425CBC29800BAB9AD = {
			isa = PBXGroup;
			children = (
				863E25BF25CBC29800BAB9AD /* FlappyBiud */,
				863E25BE25CBC29800BAB9AD /* Products */,
			);
			sourceTree = "<group>";
		};
		863E25BE25CBC29800BAB9AD /* Products */ = {
			isa = PBXGroup;
			children = (
				863E25BD25CBC29800BAB9AD /* FlappyBiud.app */,
			);
			name = Products;
			sourceTree = "<group>";
		};
		863E25BF25CBC29800BAB9AD /* FlappyBiud */ = {
			isa = PBXGroup;
			children = (
				863E25C025CBC29800BAB9AD /* AppDelegate.swift */,
				863E25C225CBC29800BAB9AD /* SceneDelegate.swift */,
				863E25D725CBC9A500BAB9AD /* GameScen.swift */,
				863E25C425CBC29800BAB9AD /* ViewController.swift */,
				863E25C625CBC29800BAB9AD /* Main.storyboard */,
				863E25DA25CE2F4600BAB9AD /* 13.mp3 */,
				863E25E125CE452F00BAB9AD /* キャンセル2.mp3 */,
				863E25DE25CE3E7300BAB9AD /* Lethe.mp3 */,
				863E25C925CBC29800BAB9AD /* Assets.xcassets */,
				863E25CB25CBC29800BAB9AD /* LaunchScreen.storyboard */,
				863E25CE25CBC29800BAB9AD /* Info.plist */,
			);
			path = FlappyBiud;
			sourceTree = "<group>";
		};
/* End PBXGroup section */

/* Begin PBXNativeTarget section */
		863E25BC25CBC29800BAB9AD /* FlappyBiud */ = {
			isa = PBXNativeTarget;
			buildConfigurationList = 863E25D125CBC29800BAB9AD /* Build configuration list for PBXNativeTarget "FlappyBiud" */;
			buildPhases = (
				863E25B925CBC29800BAB9AD /* Sources */,
				863E25BA25CBC29800BAB9AD /* Frameworks */,
				863E25BB25CBC29800BAB9AD /* Resources */,
			);
			buildRules = (
			);
			dependencies = (
			);
			name = FlappyBiud;
			productName = FlappyBiud;
			productReference = 863E25BD25CBC29800BAB9AD /* FlappyBiud.app */;
			productType = "com.apple.product-type.application";
		};
/* End PBXNativeTarget section */

/* Begin PBXProject section */
		863E25B525CBC29800BAB9AD /* Project object */ = {
			isa = PBXProject;
			attributes = {
				LastSwiftUpdateCheck = 1220;
				LastUpgradeCheck = 1220;
				TargetAttributes = {
					863E25BC25CBC29800BAB9AD = {
						CreatedOnToolsVersion = 12.2;
					};
				};
			};
			buildConfigurationList = 863E25B825CBC29800BAB9AD /* Build configuration list for PBXProject "FlappyBiud" */;
			compatibilityVersion = "Xcode 9.3";
			developmentRegion = en;
			hasScannedForEncodings = 0;
			knownRegions = (
				en,
				Base,
			);
			mainGroup = 863E25B425CBC29800BAB9AD;
			productRefGroup = 863E25BE25CBC29800BAB9AD /* Products */;
			projectDirPath = "";
			projectRoot = "";
			targets = (
				863E25BC25CBC29800BAB9AD /* FlappyBiud */,
			);
		};
/* End PBXProject section */

/* Begin PBXResourcesBuildPhase section */
		863E25BB25CBC29800BAB9AD /* Resources */ = {
			isa = PBXResourcesBuildPhase;
			buildActionMask = 2147483647;
			files = (
				863E25CD25CBC29800BAB9AD /* LaunchScreen.storyboard in Resources */,
				863E25E225CE452F00BAB9AD /* キャンセル2.mp3 in Resources */,
				863E25CA25CBC29800BAB9AD /* Assets.xcassets in Resources */,
				863E25DF25CE3E7300BAB9AD /* Lethe.mp3 in Resources */,
				863E25C825CBC29800BAB9AD /* Main.storyboard in Resources */,
				863E25DB25CE2F4600BAB9AD /* 13.mp3 in Resources */,
			);
			runOnlyForDeploymentPostprocessing = 0;
		};
/* End PBXResourcesBuildPhase section */

/* Begin PBXSourcesBuildPhase section */
		863E25B925CBC29800BAB9AD /* Sources */ = {
			isa = PBXSourcesBuildPhase;
			buildActionMask = 2147483647;
			files = (
				863E25D825CBC9A500BAB9AD /* GameScen.swift in Sources */,
				863E25C525CBC29800BAB9AD /* ViewController.swift in Sources */,
				863E25C125CBC29800BAB9AD /* AppDelegate.swift in Sources */,
				863E25C325CBC29800BAB9AD /* SceneDelegate.swift in Sources */,
			);
			runOnlyForDeploymentPostprocessing = 0;
		};
/* End PBXSourcesBuildPhase section */

/* Begin PBXVariantGroup section */
		863E25C625CBC29800BAB9AD /* Main.storyboard */ = {
			isa = PBXVariantGroup;
			children = (
				863E25C725CBC29800BAB9AD /* Base */,
			);
			name = Main.storyboard;
			sourceTree = "<group>";
		};
		863E25CB25CBC29800BAB9AD /* LaunchScreen.storyboard */ = {
			isa = PBXVariantGroup;
			children = (
				863E25CC25CBC29800BAB9AD /* Base */,
			);
			name = LaunchScreen.storyboard;
			sourceTree = "<group>";
		};
/* End PBXVariantGroup section */

/* Begin XCBuildConfiguration section */
		863E25CF25CBC29800BAB9AD /* Debug */ = {
			isa = XCBuildConfiguration;
			buildSettings = {
				ALWAYS_SEARCH_USER_PATHS = NO;
				CLANG_ANALYZER_NONNULL = YES;
				CLANG_ANALYZER_NUMBER_OBJECT_CONVERSION = YES_AGGRESSIVE;
				CLANG_CXX_LANGUAGE_STANDARD = "gnu++14";
				CLANG_CXX_LIBRARY = "libc++";
				CLANG_ENABLE_MODULES = YES;
				CLANG_ENABLE_OBJC_ARC = YES;
				CLANG_ENABLE_OBJC_WEAK = YES;
				CLANG_WARN_BLOCK_CAPTURE_AUTORELEASING = YES;
				CLANG_WARN_BOOL_CONVERSION = YES;
				CLANG_WARN_COMMA = YES;
				CLANG_WARN_CONSTANT_CONVERSION = YES;
				CLANG_WARN_DEPRECATED_OBJC_IMPLEMENTATIONS = YES;
				CLANG_WARN_DIRECT_OBJC_ISA_USAGE = YES_ERROR;
				CLANG_WARN_DOCUMENTATION_COMMENTS = YES;
				CLANG_WARN_EMPTY_BODY = YES;
				CLANG_WARN_ENUM_CONVERSION = YES;
				CLANG_WARN_INFINITE_RECURSION = YES;
				CLANG_WARN_INT_CONVERSION = YES;
				CLANG_WARN_NON_LITERAL_NULL_CONVERSION = YES;
				CLANG_WARN_OBJC_IMPLICIT_RETAIN_SELF = YES;
				CLANG_WARN_OBJC_LITERAL_CONVERSION = YES;
				CLANG_WARN_OBJC_ROOT_CLASS = YES_ERROR;
				CLANG_WARN_QUOTED_INCLUDE_IN_FRAMEWORK_HEADER = YES;
				CLANG_WARN_RANGE_LOOP_ANALYSIS = YES;
				CLANG_WARN_STRICT_PROTOTYPES = YES;
				CLANG_WARN_SUSPICIOUS_MOVE = YES;
				CLANG_WARN_UNGUARDED_AVAILABILITY = YES_AGGRESSIVE;
				CLANG_WARN_UNREACHABLE_CODE = YES;
				CLANG_WARN__DUPLICATE_METHOD_MATCH = YES;
				COPY_PHASE_STRIP = NO;
				DEBUG_INFORMATION_FORMAT = dwarf;
				ENABLE_STRICT_OBJC_MSGSEND = YES;
				ENABLE_TESTABILITY = YES;
				GCC_C_LANGUAGE_STANDARD = gnu11;
				GCC_DYNAMIC_NO_PIC = NO;
				GCC_NO_COMMON_BLOCKS = YES;
				GCC_OPTIMIZATION_LEVEL = 0;
				GCC_PREPROCESSOR_DEFINITIONS = (
					"DEBUG=1",
					"$(inherited)",
				);
				GCC_WARN_64_TO_32_BIT_CONVERSION = YES;
				GCC_WARN_ABOUT_RETURN_TYPE = YES_ERROR;
				GCC_WARN_UNDECLARED_SELECTOR = YES;
				GCC_WARN_UNINITIALIZED_AUTOS = YES_AGGRESSIVE;
				GCC_WARN_UNUSED_FUNCTION = YES;
				GCC_WARN_UNUSED_VARIABLE = YES;
				IPHONEOS_DEPLOYMENT_TARGET = 14.2;
				MTL_ENABLE_DEBUG_INFO = INCLUDE_SOURCE;
				MTL_FAST_MATH = YES;
				ONLY_ACTIVE_ARCH = YES;
				SDKROOT = iphoneos;
				SWIFT_ACTIVE_COMPILATION_CONDITIONS = DEBUG;
				SWIFT_OPTIMIZATION_LEVEL = "-Onone";
			};
			name = Debug;
		};
		863E25D025CBC29800BAB9AD /* Release */ = {
			isa = XCBuildConfiguration;
			buildSettings = {
				ALWAYS_SEARCH_USER_PATHS = NO;
				CLANG_ANALYZER_NONNULL = YES;
				CLANG_ANALYZER_NUMBER_OBJECT_CONVERSION = YES_AGGRESSIVE;
				CLANG_CXX_LANGUAGE_STANDARD = "gnu++14";
				CLANG_CXX_LIBRARY = "libc++";
				CLANG_ENABLE_MODULES = YES;
				CLANG_ENABLE_OBJC_ARC = YES;
				CLANG_ENABLE_OBJC_WEAK = YES;
				CLANG_WARN_BLOCK_CAPTURE_AUTORELEASING = YES;
				CLANG_WARN_BOOL_CONVERSION = YES;
				CLANG_WARN_COMMA = YES;
				CLANG_WARN_CONSTANT_CONVERSION = YES;
				CLANG_WARN_DEPRECATED_OBJC_IMPLEMENTATIONS = YES;
				CLANG_WARN_DIRECT_OBJC_ISA_USAGE = YES_ERROR;
				CLANG_WARN_DOCUMENTATION_COMMENTS = YES;
				CLANG_WARN_EMPTY_BODY = YES;
				CLANG_WARN_ENUM_CONVERSION = YES;
				CLANG_WARN_INFINITE_RECURSION = YES;
				CLANG_WARN_INT_CONVERSION = YES;
				CLANG_WARN_NON_LITERAL_NULL_CONVERSION = YES;
				CLANG_WARN_OBJC_IMPLICIT_RETAIN_SELF = YES;
				CLANG_WARN_OBJC_LITERAL_CONVERSION = YES;
				CLANG_WARN_OBJC_ROOT_CLASS = YES_ERROR;
				CLANG_WARN_QUOTED_INCLUDE_IN_FRAMEWORK_HEADER = YES;
				CLANG_WARN_RANGE_LOOP_ANALYSIS = YES;
				CLANG_WARN_STRICT_PROTOTYPES = YES;
				CLANG_WARN_SUSPICIOUS_MOVE = YES;
				CLANG_WARN_UNGUARDED_AVAILABILITY = YES_AGGRESSIVE;
				CLANG_WARN_UNREACHABLE_CODE = YES;
				CLANG_WARN__DUPLICATE_METHOD_MATCH = YES;
				COPY_PHASE_STRIP = NO;
				DEBUG_INFORMATION_FORMAT = "dwarf-with-dsym";
				ENABLE_NS_ASSERTIONS = NO;
				ENABLE_STRICT_OBJC_MSGSEND = YES;
				GCC_C_LANGUAGE_STANDARD = gnu11;
				GCC_NO_COMMON_BLOCKS = YES;
				GCC_WARN_64_TO_32_BIT_CONVERSION = YES;
				GCC_WARN_ABOUT_RETURN_TYPE = YES_ERROR;
				GCC_WARN_UNDECLARED_SELECTOR = YES;
				GCC_WARN_UNINITIALIZED_AUTOS = YES_AGGRESSIVE;
				GCC_WARN_UNUSED_FUNCTION = YES;
				GCC_WARN_UNUSED_VARIABLE = YES;
				IPHONEOS_DEPLOYMENT_TARGET = 14.2;
				MTL_ENABLE_DEBUG_INFO = NO;
				MTL_FAST_MATH = YES;
				SDKROOT = iphoneos;
				SWIFT_COMPILATION_MODE = wholemodule;
				SWIFT_OPTIMIZATION_LEVEL = "-O";
				VALIDATE_PRODUCT = YES;
			};
			name = Release;
		};
		863E25D225CBC29800BAB9AD /* Debug */ = {
			isa = XCBuildConfiguration;
			buildSettings = {
				ASSETCATALOG_COMPILER_APPICON_NAME = AppIcon;
				ASSETCATALOG_COMPILER_GLOBAL_ACCENT_COLOR_NAME = AccentColor;
				CODE_SIGN_STYLE = Automatic;
				DEVELOPMENT_TEAM = CNKXDRW937;
				INFOPLIST_FILE = FlappyBiud/Info.plist;
				LD_RUNPATH_SEARCH_PATHS = (
					"$(inherited)",
					"@executable_path/Frameworks",
				);
				PRODUCT_BUNDLE_IDENTIFIER = jp.techacademy.yuya.yamamoto.FlappyBiud;
				PRODUCT_NAME = "$(TARGET_NAME)";
				SWIFT_VERSION = 5.0;
				TARGETED_DEVICE_FAMILY = 1;
			};
			name = Debug;
		};
		863E25D325CBC29800BAB9AD /* Release */ = {
			isa = XCBuildConfiguration;
			buildSettings = {
				ASSETCATALOG_COMPILER_APPICON_NAME = AppIcon;
				ASSETCATALOG_COMPILER_GLOBAL_ACCENT_COLOR_NAME = AccentColor;
				CODE_SIGN_STYLE = Automatic;
				DEVELOPMENT_TEAM = CNKXDRW937;
				INFOPLIST_FILE = FlappyBiud/Info.plist;
				LD_RUNPATH_SEARCH_PATHS = (
					"$(inherited)",
					"@executable_path/Frameworks",
				);
				PRODUCT_BUNDLE_IDENTIFIER = jp.techacademy.yuya.yamamoto.FlappyBiud;
				PRODUCT_NAME = "$(TARGET_NAME)";
				SWIFT_VERSION = 5.0;
				TARGETED_DEVICE_FAMILY = 1;
			};
			name = Release;
		};
/* End XCBuildConfiguration section */

/* Begin XCConfigurationList section */
		863E25B825CBC29800BAB9AD /* Build configuration list for PBXProject "FlappyBiud" */ = {
			isa = XCConfigurationList;
			buildConfigurations = (
				863E25CF25CBC29800BAB9AD /* Debug */,
				863E25D025CBC29800BAB9AD /* Release */,
			);
			defaultConfigurationIsVisible = 0;
			defaultConfigurationName = Release;
		};
		863E25D125CBC29800BAB9AD /* Build configuration list for PBXNativeTarget "FlappyBiud" */ = {
			isa = XCConfigurationList;
			buildConfigurations = (
				863E25D225CBC29800BAB9AD /* Debug */,
				863E25D325CBC29800BAB9AD /* Release */,
			);
			defaultConfigurationIsVisible = 0;
			defaultConfigurationName = Release;
		};
/* End XCConfigurationList section */
	};
	rootObject = 863E25B525CBC29800BAB9AD /* Project object */;
}
